
Microsoft Visual Studio Solution File, Format Version 12.00
# Visual Studio 14
VisualStudioVersion = 14.0.25420.1
MinimumVisualStudioVersion = 10.0.40219.1
Project("{FAE04EC0-301F-11D3-BF4B-00C04F79EFBC}") = "Stud_Serialize", "Stud_Serialize\Stud_Serialize.csproj", "{2C221DCD-3A8E-4393-A97A-876598BD83F1}"
EndProject
Project("{FAE04EC0-301F-11D3-BF4B-00C04F79EFBC}") = "StudApp", "StudApp\StudApp.csproj", "{78046DA0-8666-464F-995D-2CA14291D3F4}"
EndProject
Global
	GlobalSection(SolutionConfigurationPlatforms) = preSolution
		Debug|Any CPU = Debug|Any CPU
		Release|Any CPU = Release|Any CPU
	EndGlobalSection
	GlobalSection(ProjectConfigurationPlatforms) = postSolution
		{2C221DCD-3A8E-4393-A97A-876598BD83F1}.Debug|Any CPU.ActiveCfg = Debug|Any CPU
		{2C221DCD-3A8E-4393-A97A-876598BD83F1}.Debug|Any CPU.Build.0 = Debug|Any CPU
		{2C221DCD-3A8E-4393-A97A-876598BD83F1}.Release|Any CPU.ActiveCfg = Release|Any CPU
		{2C221DCD-3A8E-4393-A97A-876598BD83F1}.Release|Any CPU.Build.0 = Release|Any CPU
		{78046DA0-8666-464F-995D-2CA14291D3F4}.Debug|Any CPU.ActiveCfg = Debug|Any CPU
		{78046DA0-8666-464F-995D-2CA14291D3F4}.Debug|Any CPU.Build.0 = Debug|Any CPU
		{78046DA0-8666-464F-995D-2CA14291D3F4}.Release|Any CPU.ActiveCfg = Release|Any CPU
		{78046DA0-8666-464F-995D-2CA14291D3F4}.Release|Any CPU.Build.0 = Release|Any CPU
	EndGlobalSection
	GlobalSection(SolutionProperties) = preSolution
		HideSolutionNode = FALSE
	EndGlobalSection
EndGlobal
